
Microsoft Visual Studio Solution File, Format Version 12.00
# Visual Studio Version 17
VisualStudioVersion = 17.14.36518.9 d17.14
MinimumVisualStudioVersion = 10.0.40219.1
Project("{8BC9CEB8-8B4A-11D0-8D11-00A0C91BC942}") = "Lab_6_HashTable", "Lab_6_HashTable.vcxproj", "{2EFAD494-76C2-4E14-848A-C0D33355EDAC}"
EndProject
Global
	GlobalSection(SolutionConfigurationPlatforms) = preSolution
		Debug|x64 = Debug|x64
		Debug|x86 = Debug|x86
		Release|x64 = Release|x64
		Release|x86 = Release|x86
	EndGlobalSection
	GlobalSection(ProjectConfigurationPlatforms) = postSolution
		{2EFAD494-76C2-4E14-848A-C0D33355EDAC}.Debug|x64.ActiveCfg = Debug|x64
		{2EFAD494-76C2-4E14-848A-C0D33355EDAC}.Debug|x64.Build.0 = Debug|x64
		{2EFAD494-76C2-4E14-848A-C0D33355EDAC}.Debug|x86.ActiveCfg = Debug|Win32
		{2EFAD494-76C2-4E14-848A-C0D33355EDAC}.Debug|x86.Build.0 = Debug|Win32
		{2EFAD494-76C2-4E14-848A-C0D33355EDAC}.Release|x64.ActiveCfg = Release|x64
		{2EFAD494-76C2-4E14-848A-C0D33355EDAC}.Release|x64.Build.0 = Release|x64
		{2EFAD494-76C2-4E14-848A-C0D33355EDAC}.Release|x86.ActiveCfg = Release|Win32
		{2EFAD494-76C2-4E14-848A-C0D33355EDAC}.Release|x86.Build.0 = Release|Win32
	EndGlobalSection
	GlobalSection(SolutionProperties) = preSolution
		HideSolutionNode = FALSE
	EndGlobalSection
	GlobalSection(ExtensibilityGlobals) = postSolution
		SolutionGuid = {3422EA63-A045-49E3-BE5B-B397E47E4D29}
	EndGlobalSection
EndGlobal
