
Microsoft Visual Studio Solution File, Format Version 12.00
# Visual Studio Version 17
VisualStudioVersion = 17.14.36518.9 d17.14
MinimumVisualStudioVersion = 10.0.40219.1
Project("{8BC9CEB8-8B4A-11D0-8D11-00A0C91BC942}") = "lab4_Boolean_Matrix", "lab4_Boolean_Matrix.vcxproj", "{95694B6A-CBCA-4740-93AC-02BF2312C1B2}"
EndProject
Global
	GlobalSection(SolutionConfigurationPlatforms) = preSolution
		Debug|x64 = Debug|x64
		Debug|x86 = Debug|x86
		Release|x64 = Release|x64
		Release|x86 = Release|x86
	EndGlobalSection
	GlobalSection(ProjectConfigurationPlatforms) = postSolution
		{95694B6A-CBCA-4740-93AC-02BF2312C1B2}.Debug|x64.ActiveCfg = Debug|x64
		{95694B6A-CBCA-4740-93AC-02BF2312C1B2}.Debug|x64.Build.0 = Debug|x64
		{95694B6A-CBCA-4740-93AC-02BF2312C1B2}.Debug|x86.ActiveCfg = Debug|Win32
		{95694B6A-CBCA-4740-93AC-02BF2312C1B2}.Debug|x86.Build.0 = Debug|Win32
		{95694B6A-CBCA-4740-93AC-02BF2312C1B2}.Release|x64.ActiveCfg = Release|x64
		{95694B6A-CBCA-4740-93AC-02BF2312C1B2}.Release|x64.Build.0 = Release|x64
		{95694B6A-CBCA-4740-93AC-02BF2312C1B2}.Release|x86.ActiveCfg = Release|Win32
		{95694B6A-CBCA-4740-93AC-02BF2312C1B2}.Release|x86.Build.0 = Release|Win32
	EndGlobalSection
	GlobalSection(SolutionProperties) = preSolution
		HideSolutionNode = FALSE
	EndGlobalSection
	GlobalSection(ExtensibilityGlobals) = postSolution
		SolutionGuid = {5BD5BDC1-4E4B-407C-86FD-75095E6C86A9}
	EndGlobalSection
EndGlobal
